
Microsoft Visual Studio Solution File, Format Version 12.00
# Visual Studio Version 17
VisualStudioVersion = 17.9.34728.123
MinimumVisualStudioVersion = 10.0.40219.1
Project("{9A19103F-16F7-4668-BE54-9A1E7A4F7556}") = "UserMicroService", "UserMicroService\UserMicroService.csproj", "{A5976902-EF76-4E9D-B00E-4EF8330DDF2D}"
EndProject
Project("{FAE04EC0-301F-11D3-BF4B-00C04F79EFBC}") = "Domain", "Domain\Domain.csproj", "{8AC3F3D9-1AAF-484A-BCF5-B12468176ACA}"
EndProject
Project("{FAE04EC0-301F-11D3-BF4B-00C04F79EFBC}") = "Infrastructure", "Infrastructure\Infrastructure.csproj", "{E40D6ED4-1DBB-4765-816C-53FE699C899E}"
EndProject
Project("{FAE04EC0-301F-11D3-BF4B-00C04F79EFBC}") = "Application", "Application\Application.csproj", "{453FC0E7-26D7-4880-B289-13D74983BACC}"
EndProject
Global
	GlobalSection(SolutionConfigurationPlatforms) = preSolution
		Debug|Any CPU = Debug|Any CPU
		Release|Any CPU = Release|Any CPU
	EndGlobalSection
	GlobalSection(ProjectConfigurationPlatforms) = postSolution
		{A5976902-EF76-4E9D-B00E-4EF8330DDF2D}.Debug|Any CPU.ActiveCfg = Debug|Any CPU
		{A5976902-EF76-4E9D-B00E-4EF8330DDF2D}.Debug|Any CPU.Build.0 = Debug|Any CPU
		{A5976902-EF76-4E9D-B00E-4EF8330DDF2D}.Release|Any CPU.ActiveCfg = Release|Any CPU
		{A5976902-EF76-4E9D-B00E-4EF8330DDF2D}.Release|Any CPU.Build.0 = Release|Any CPU
		{8AC3F3D9-1AAF-484A-BCF5-B12468176ACA}.Debug|Any CPU.ActiveCfg = Debug|Any CPU
		{8AC3F3D9-1AAF-484A-BCF5-B12468176ACA}.Debug|Any CPU.Build.0 = Debug|Any CPU
		{8AC3F3D9-1AAF-484A-BCF5-B12468176ACA}.Release|Any CPU.ActiveCfg = Release|Any CPU
		{8AC3F3D9-1AAF-484A-BCF5-B12468176ACA}.Release|Any CPU.Build.0 = Release|Any CPU
		{E40D6ED4-1DBB-4765-816C-53FE699C899E}.Debug|Any CPU.ActiveCfg = Debug|Any CPU
		{E40D6ED4-1DBB-4765-816C-53FE699C899E}.Debug|Any CPU.Build.0 = Debug|Any CPU
		{E40D6ED4-1DBB-4765-816C-53FE699C899E}.Release|Any CPU.ActiveCfg = Release|Any CPU
		{E40D6ED4-1DBB-4765-816C-53FE699C899E}.Release|Any CPU.Build.0 = Release|Any CPU
		{453FC0E7-26D7-4880-B289-13D74983BACC}.Debug|Any CPU.ActiveCfg = Debug|Any CPU
		{453FC0E7-26D7-4880-B289-13D74983BACC}.Debug|Any CPU.Build.0 = Debug|Any CPU
		{453FC0E7-26D7-4880-B289-13D74983BACC}.Release|Any CPU.ActiveCfg = Release|Any CPU
		{453FC0E7-26D7-4880-B289-13D74983BACC}.Release|Any CPU.Build.0 = Release|Any CPU
	EndGlobalSection
	GlobalSection(SolutionProperties) = preSolution
		HideSolutionNode = FALSE
	EndGlobalSection
	GlobalSection(ExtensibilityGlobals) = postSolution
		SolutionGuid = {2CB9F934-CCBB-4A2E-8797-FFF72E264DEE}
	EndGlobalSection
EndGlobal
